// !$*UTF8*$!
{
	archiveVersion = 1;
	classes = {
	};
	objectVersion = 46;
	objects = {

/* Begin PBXBuildFile section */
		7636446B1F21B44D004D9D7B /* AppDelegate.swift in Sources */ = {isa = PBXBuildFile; fileRef = 7636446A1F21B44D004D9D7B /* AppDelegate.swift */; };
		763644701F21B44D004D9D7B /* Main.storyboard in Resources */ = {isa = PBXBuildFile; fileRef = 7636446E1F21B44D004D9D7B /* Main.storyboard */; };
		763644721F21B44D004D9D7B /* Assets.xcassets in Resources */ = {isa = PBXBuildFile; fileRef = 763644711F21B44D004D9D7B /* Assets.xcassets */; };
		763644751F21B44D004D9D7B /* LaunchScreen.storyboard in Resources */ = {isa = PBXBuildFile; fileRef = 763644731F21B44D004D9D7B /* LaunchScreen.storyboard */; };
		763644801F21B44D004D9D7B /* Chap12_TableTests.swift in Sources */ = {isa = PBXBuildFile; fileRef = 7636447F1F21B44D004D9D7B /* Chap12_TableTests.swift */; };
		7636448B1F21B44D004D9D7B /* Chap12_TableUITests.swift in Sources */ = {isa = PBXBuildFile; fileRef = 7636448A1F21B44D004D9D7B /* Chap12_TableUITests.swift */; };
		763644991F21B6FE004D9D7B /* TableViewController.swift in Sources */ = {isa = PBXBuildFile; fileRef = 763644981F21B6FE004D9D7B /* TableViewController.swift */; };
		7636449B1F21B72B004D9D7B /* AddViewController.swift in Sources */ = {isa = PBXBuildFile; fileRef = 7636449A1F21B72B004D9D7B /* AddViewController.swift */; };
		7636449D1F21B74B004D9D7B /* DetailViewController.swift in Sources */ = {isa = PBXBuildFile; fileRef = 7636449C1F21B74B004D9D7B /* DetailViewController.swift */; };
		763644A21F21B8B8004D9D7B /* cart.png in Resources */ = {isa = PBXBuildFile; fileRef = 7636449F1F21B8B8004D9D7B /* cart.png */; };
		763644A31F21B8B8004D9D7B /* clock.png in Resources */ = {isa = PBXBuildFile; fileRef = 763644A01F21B8B8004D9D7B /* clock.png */; };
		763644A41F21B8B8004D9D7B /* pencil.png in Resources */ = {isa = PBXBuildFile; fileRef = 763644A11F21B8B8004D9D7B /* pencil.png */; };
/* End PBXBuildFile section */

/* Begin PBXContainerItemProxy section */
		7636447C1F21B44D004D9D7B /* PBXContainerItemProxy */ = {
			isa = PBXContainerItemProxy;
			containerPortal = 7636445F1F21B44C004D9D7B /* Project object */;
			proxyType = 1;
			remoteGlobalIDString = 763644661F21B44C004D9D7B;
			remoteInfo = Chap12_Table;
		};
		763644871F21B44D004D9D7B /* PBXContainerItemProxy */ = {
			isa = PBXContainerItemProxy;
			containerPortal = 7636445F1F21B44C004D9D7B /* Project object */;
			proxyType = 1;
			remoteGlobalIDString = 763644661F21B44C004D9D7B;
			remoteInfo = Chap12_Table;
		};
/* End PBXContainerItemProxy section */

/* Begin PBXFileReference section */
		763644671F21B44C004D9D7B /* Chap12_Table.app */ = {isa = PBXFileReference; explicitFileType = wrapper.application; includeInIndex = 0; path = Chap12_Table.app; sourceTree = BUILT_PRODUCTS_DIR; };
		7636446A1F21B44D004D9D7B /* AppDelegate.swift */ = {isa = PBXFileReference; lastKnownFileType = sourcecode.swift; path = AppDelegate.swift; sourceTree = "<group>"; };
		7636446F1F21B44D004D9D7B /* Base */ = {isa = PBXFileReference; lastKnownFileType = file.storyboard; name = Base; path = Base.lproj/Main.storyboard; sourceTree = "<group>"; };
		763644711F21B44D004D9D7B /* Assets.xcassets */ = {isa = PBXFileReference; lastKnownFileType = folder.assetcatalog; path = Assets.xcassets; sourceTree = "<group>"; };
		763644741F21B44D004D9D7B /* Base */ = {isa = PBXFileReference; lastKnownFileType = file.storyboard; name = Base; path = Base.lproj/LaunchScreen.storyboard; sourceTree = "<group>"; };
		763644761F21B44D004D9D7B /* Info.plist */ = {isa = PBXFileReference; lastKnownFileType = text.plist.xml; path = Info.plist; sourceTree = "<group>"; };
		7636447B1F21B44D004D9D7B /* Chap12_TableTests.xctest */ = {isa = PBXFileReference; explicitFileType = wrapper.cfbundle; includeInIndex = 0; path = Chap12_TableTests.xctest; sourceTree = BUILT_PRODUCTS_DIR; };
		7636447F1F21B44D004D9D7B /* Chap12_TableTests.swift */ = {isa = PBXFileReference; lastKnownFileType = sourcecode.swift; path = Chap12_TableTests.swift; sourceTree = "<group>"; };
		763644811F21B44D004D9D7B /* Info.plist */ = {isa = PBXFileReference; lastKnownFileType = text.plist.xml; path = Info.plist; sourceTree = "<group>"; };
		763644861F21B44D004D9D7B /* Chap12_TableUITests.xctest */ = {isa = PBXFileReference; explicitFileType = wrapper.cfbundle; includeInIndex = 0; path = Chap12_TableUITests.xctest; sourceTree = BUILT_PRODUCTS_DIR; };
		7636448A1F21B44D004D9D7B /* Chap12_TableUITests.swift */ = {isa = PBXFileReference; lastKnownFileType = sourcecode.swift; path = Chap12_TableUITests.swift; sourceTree = "<group>"; };
		7636448C1F21B44D004D9D7B /* Info.plist */ = {isa = PBXFileReference; lastKnownFileType = text.plist.xml; path = Info.plist; sourceTree = "<group>"; };
		763644981F21B6FE004D9D7B /* TableViewController.swift */ = {isa = PBXFileReference; fileEncoding = 4; lastKnownFileType = sourcecode.swift; name = TableViewController.swift; path = ../TableViewController.swift; sourceTree = "<group>"; };
		7636449A1F21B72B004D9D7B /* AddViewController.swift */ = {isa = PBXFileReference; fileEncoding = 4; lastKnownFileType = sourcecode.swift; path = AddViewController.swift; sourceTree = "<group>"; };
		7636449C1F21B74B004D9D7B /* DetailViewController.swift */ = {isa = PBXFileReference; fileEncoding = 4; lastKnownFileType = sourcecode.swift; path = DetailViewController.swift; sourceTree = "<group>"; };
		7636449F1F21B8B8004D9D7B /* cart.png */ = {isa = PBXFileReference; lastKnownFileType = image.png; path = cart.png; sourceTree = "<group>"; };
		763644A01F21B8B8004D9D7B /* clock.png */ = {isa = PBXFileReference; lastKnownFileType = image.png; path = clock.png; sourceTree = "<group>"; };
		763644A11F21B8B8004D9D7B /* pencil.png */ = {isa = PBXFileReference; lastKnownFileType = image.png; path = pencil.png; sourceTree = "<group>"; };
/* End PBXFileReference section */

/* Begin PBXFrameworksBuildPhase section */
		763644641F21B44C004D9D7B /* Frameworks */ = {
			isa = PBXFrameworksBuildPhase;
			buildActionMask = 2147483647;
			files = (
			);
			runOnlyForDeploymentPostprocessing = 0;
		};
		763644781F21B44D004D9D7B /* Frameworks */ = {
			isa = PBXFrameworksBuildPhase;
			buildActionMask = 2147483647;
			files = (
			);
			runOnlyForDeploymentPostprocessing = 0;
		};
		763644831F21B44D004D9D7B /* Frameworks */ = {
			isa = PBXFrameworksBuildPhase;
			buildActionMask = 2147483647;
			files = (
			);
			runOnlyForDeploymentPostprocessing = 0;
		};
/* End PBXFrameworksBuildPhase section */

/* Begin PBXGroup section */
		7636445E1F21B44C004D9D7B = {
			isa = PBXGroup;
			children = (
				763644691F21B44C004D9D7B /* Chap12_Table */,
				7636447E1F21B44D004D9D7B /* Chap12_TableTests */,
				763644891F21B44D004D9D7B /* Chap12_TableUITests */,
				763644681F21B44C004D9D7B /* Products */,
			);
			sourceTree = "<group>";
		};
		763644681F21B44C004D9D7B /* Products */ = {
			isa = PBXGroup;
			children = (
				763644671F21B44C004D9D7B /* Chap12_Table.app */,
				7636447B1F21B44D004D9D7B /* Chap12_TableTests.xctest */,
				763644861F21B44D004D9D7B /* Chap12_TableUITests.xctest */,
			);
			name = Products;
			sourceTree = "<group>";
		};
		763644691F21B44C004D9D7B /* Chap12_Table */ = {
			isa = PBXGroup;
			children = (
				7636449E1F21B8AD004D9D7B /* img */,
				763644981F21B6FE004D9D7B /* TableViewController.swift */,
				7636446A1F21B44D004D9D7B /* AppDelegate.swift */,
				7636446E1F21B44D004D9D7B /* Main.storyboard */,
				763644711F21B44D004D9D7B /* Assets.xcassets */,
				763644731F21B44D004D9D7B /* LaunchScreen.storyboard */,
				763644761F21B44D004D9D7B /* Info.plist */,
				7636449A1F21B72B004D9D7B /* AddViewController.swift */,
				7636449C1F21B74B004D9D7B /* DetailViewController.swift */,
			);
			path = Chap12_Table;
			sourceTree = "<group>";
		};
		7636447E1F21B44D004D9D7B /* Chap12_TableTests */ = {
			isa = PBXGroup;
			children = (
				7636447F1F21B44D004D9D7B /* Chap12_TableTests.swift */,
				763644811F21B44D004D9D7B /* Info.plist */,
			);
			path = Chap12_TableTests;
			sourceTree = "<group>";
		};
		763644891F21B44D004D9D7B /* Chap12_TableUITests */ = {
			isa = PBXGroup;
			children = (
				7636448A1F21B44D004D9D7B /* Chap12_TableUITests.swift */,
				7636448C1F21B44D004D9D7B /* Info.plist */,
			);
			path = Chap12_TableUITests;
			sourceTree = "<group>";
		};
		7636449E1F21B8AD004D9D7B /* img */ = {
			isa = PBXGroup;
			children = (
				7636449F1F21B8B8004D9D7B /* cart.png */,
				763644A01F21B8B8004D9D7B /* clock.png */,
				763644A11F21B8B8004D9D7B /* pencil.png */,
			);
			name = img;
			sourceTree = "<group>";
		};
/* End PBXGroup section */

/* Begin PBXNativeTarget section */
		763644661F21B44C004D9D7B /* Chap12_Table */ = {
			isa = PBXNativeTarget;
			buildConfigurationList = 7636448F1F21B44D004D9D7B /* Build configuration list for PBXNativeTarget "Chap12_Table" */;
			buildPhases = (
				763644631F21B44C004D9D7B /* Sources */,
				763644641F21B44C004D9D7B /* Frameworks */,
				763644651F21B44C004D9D7B /* Resources */,
			);
			buildRules = (
			);
			dependencies = (
			);
			name = Chap12_Table;
			productName = Chap12_Table;
			productReference = 763644671F21B44C004D9D7B /* Chap12_Table.app */;
			productType = "com.apple.product-type.application";
		};
		7636447A1F21B44D004D9D7B /* Chap12_TableTests */ = {
			isa = PBXNativeTarget;
			buildConfigurationList = 763644921F21B44D004D9D7B /* Build configuration list for PBXNativeTarget "Chap12_TableTests" */;
			buildPhases = (
				763644771F21B44D004D9D7B /* Sources */,
				763644781F21B44D004D9D7B /* Frameworks */,
				763644791F21B44D004D9D7B /* Resources */,
			);
			buildRules = (
			);
			dependencies = (
				7636447D1F21B44D004D9D7B /* PBXTargetDependency */,
			);
			name = Chap12_TableTests;
			productName = Chap12_TableTests;
			productReference = 7636447B1F21B44D004D9D7B /* Chap12_TableTests.xctest */;
			productType = "com.apple.product-type.bundle.unit-test";
		};
		763644851F21B44D004D9D7B /* Chap12_TableUITests */ = {
			isa = PBXNativeTarget;
			buildConfigurationList = 763644951F21B44D004D9D7B /* Build configuration list for PBXNativeTarget "Chap12_TableUITests" */;
			buildPhases = (
				763644821F21B44D004D9D7B /* Sources */,
				763644831F21B44D004D9D7B /* Frameworks */,
				763644841F21B44D004D9D7B /* Resources */,
			);
			buildRules = (
			);
			dependencies = (
				763644881F21B44D004D9D7B /* PBXTargetDependency */,
			);
			name = Chap12_TableUITests;
			productName = Chap12_TableUITests;
			productReference = 763644861F21B44D004D9D7B /* Chap12_TableUITests.xctest */;
			productType = "com.apple.product-type.bundle.ui-testing";
		};
/* End PBXNativeTarget section */

/* Begin PBXProject section */
		7636445F1F21B44C004D9D7B /* Project object */ = {
			isa = PBXProject;
			attributes = {
				LastSwiftUpdateCheck = 0830;
				LastUpgradeCheck = 0830;
				ORGANIZATIONNAME = kwon;
				TargetAttributes = {
					763644661F21B44C004D9D7B = {
						CreatedOnToolsVersion = 8.3.2;
						ProvisioningStyle = Automatic;
					};
					7636447A1F21B44D004D9D7B = {
						CreatedOnToolsVersion = 8.3.2;
						ProvisioningStyle = Automatic;
						TestTargetID = 763644661F21B44C004D9D7B;
					};
					763644851F21B44D004D9D7B = {
						CreatedOnToolsVersion = 8.3.2;
						ProvisioningStyle = Automatic;
						TestTargetID = 763644661F21B44C004D9D7B;
					};
				};
			};
			buildConfigurationList = 763644621F21B44C004D9D7B /* Build configuration list for PBXProject "Chap12_Table" */;
			compatibilityVersion = "Xcode 3.2";
			developmentRegion = English;
			hasScannedForEncodings = 0;
			knownRegions = (
				en,
				Base,
			);
			mainGroup = 7636445E1F21B44C004D9D7B;
			productRefGroup = 763644681F21B44C004D9D7B /* Products */;
			projectDirPath = "";
			projectRoot = "";
			targets = (
				763644661F21B44C004D9D7B /* Chap12_Table */,
				7636447A1F21B44D004D9D7B /* Chap12_TableTests */,
				763644851F21B44D004D9D7B /* Chap12_TableUITests */,
			);
		};
/* End PBXProject section */

/* Begin PBXResourcesBuildPhase section */
		763644651F21B44C004D9D7B /* Resources */ = {
			isa = PBXResourcesBuildPhase;
			buildActionMask = 2147483647;
			files = (
				763644A41F21B8B8004D9D7B /* pencil.png in Resources */,
				763644751F21B44D004D9D7B /* LaunchScreen.storyboard in Resources */,
				763644A31F21B8B8004D9D7B /* clock.png in Resources */,
				763644A21F21B8B8004D9D7B /* cart.png in Resources */,
				763644721F21B44D004D9D7B /* Assets.xcassets in Resources */,
				763644701F21B44D004D9D7B /* Main.storyboard in Resources */,
			);
			runOnlyForDeploymentPostprocessing = 0;
		};
		763644791F21B44D004D9D7B /* Resources */ = {
			isa = PBXResourcesBuildPhase;
			buildActionMask = 2147483647;
			files = (
			);
			runOnlyForDeploymentPostprocessing = 0;
		};
		763644841F21B44D004D9D7B /* Resources */ = {
			isa = PBXResourcesBuildPhase;
			buildActionMask = 2147483647;
			files = (
			);
			runOnlyForDeploymentPostprocessing = 0;
		};
/* End PBXResourcesBuildPhase section */

/* Begin PBXSourcesBuildPhase section */
		763644631F21B44C004D9D7B /* Sources */ = {
			isa = PBXSourcesBuildPhase;
			buildActionMask = 2147483647;
			files = (
				7636446B1F21B44D004D9D7B /* AppDelegate.swift in Sources */,
				763644991F21B6FE004D9D7B /* TableViewController.swift in Sources */,
				7636449B1F21B72B004D9D7B /* AddViewController.swift in Sources */,
				7636449D1F21B74B004D9D7B /* DetailViewController.swift in Sources */,
			);
			runOnlyForDeploymentPostprocessing = 0;
		};
		763644771F21B44D004D9D7B /* Sources */ = {
			isa = PBXSourcesBuildPhase;
			buildActionMask = 2147483647;
			files = (
				763644801F21B44D004D9D7B /* Chap12_TableTests.swift in Sources */,
			);
			runOnlyForDeploymentPostprocessing = 0;
		};
		763644821F21B44D004D9D7B /* Sources */ = {
			isa = PBXSourcesBuildPhase;
			buildActionMask = 2147483647;
			files = (
				7636448B1F21B44D004D9D7B /* Chap12_TableUITests.swift in Sources */,
			);
			runOnlyForDeploymentPostprocessing = 0;
		};
/* End PBXSourcesBuildPhase section */

/* Begin PBXTargetDependency section */
		7636447D1F21B44D004D9D7B /* PBXTargetDependency */ = {
			isa = PBXTargetDependency;
			target = 763644661F21B44C004D9D7B /* Chap12_Table */;
			targetProxy = 7636447C1F21B44D004D9D7B /* PBXContainerItemProxy */;
		};
		763644881F21B44D004D9D7B /* PBXTargetDependency */ = {
			isa = PBXTargetDependency;
			target = 763644661F21B44C004D9D7B /* Chap12_Table */;
			targetProxy = 763644871F21B44D004D9D7B /* PBXContainerItemProxy */;
		};
/* End PBXTargetDependency section */

/* Begin PBXVariantGroup section */
		7636446E1F21B44D004D9D7B /* Main.storyboard */ = {
			isa = PBXVariantGroup;
			children = (
				7636446F1F21B44D004D9D7B /* Base */,
			);
			name = Main.storyboard;
			sourceTree = "<group>";
		};
		763644731F21B44D004D9D7B /* LaunchScreen.storyboard */ = {
			isa = PBXVariantGroup;
			children = (
				763644741F21B44D004D9D7B /* Base */,
			);
			name = LaunchScreen.storyboard;
			sourceTree = "<group>";
		};
/* End PBXVariantGroup section */

/* Begin XCBuildConfiguration section */
		7636448D1F21B44D004D9D7B /* Debug */ = {
			isa = XCBuildConfiguration;
			buildSettings = {
				ALWAYS_SEARCH_USER_PATHS = NO;
				CLANG_ANALYZER_NONNULL = YES;
				CLANG_ANALYZER_NUMBER_OBJECT_CONVERSION = YES_AGGRESSIVE;
				CLANG_CXX_LANGUAGE_STANDARD = "gnu++0x";
				CLANG_CXX_LIBRARY = "libc++";
				CLANG_ENABLE_MODULES = YES;
				CLANG_ENABLE_OBJC_ARC = YES;
				CLANG_WARN_BOOL_CONVERSION = YES;
				CLANG_WARN_CONSTANT_CONVERSION = YES;
				CLANG_WARN_DIRECT_OBJC_ISA_USAGE = YES_ERROR;
				CLANG_WARN_DOCUMENTATION_COMMENTS = YES;
				CLANG_WARN_EMPTY_BODY = YES;
				CLANG_WARN_ENUM_CONVERSION = YES;
				CLANG_WARN_INFINITE_RECURSION = YES;
				CLANG_WARN_INT_CONVERSION = YES;
				CLANG_WARN_OBJC_ROOT_CLASS = YES_ERROR;
				CLANG_WARN_SUSPICIOUS_MOVE = YES;
				CLANG_WARN_UNREACHABLE_CODE = YES;
				CLANG_WARN__DUPLICATE_METHOD_MATCH = YES;
				"CODE_SIGN_IDENTITY[sdk=iphoneos*]" = "iPhone Developer";
				COPY_PHASE_STRIP = NO;
				DEBUG_INFORMATION_FORMAT = dwarf;
				ENABLE_STRICT_OBJC_MSGSEND = YES;
				ENABLE_TESTABILITY = YES;
				GCC_C_LANGUAGE_STANDARD = gnu99;
				GCC_DYNAMIC_NO_PIC = NO;
				GCC_NO_COMMON_BLOCKS = YES;
				GCC_OPTIMIZATION_LEVEL = 0;
				GCC_PREPROCESSOR_DEFINITIONS = (
					"DEBUG=1",
					"$(inherited)",
				);
				GCC_WARN_64_TO_32_BIT_CONVERSION = YES;
				GCC_WARN_ABOUT_RETURN_TYPE = YES_ERROR;
				GCC_WARN_UNDECLARED_SELECTOR = YES;
				GCC_WARN_UNINITIALIZED_AUTOS = YES_AGGRESSIVE;
				GCC_WARN_UNUSED_FUNCTION = YES;
				GCC_WARN_UNUSED_VARIABLE = YES;
				IPHONEOS_DEPLOYMENT_TARGET = 10.3;
				MTL_ENABLE_DEBUG_INFO = YES;
				ONLY_ACTIVE_ARCH = YES;
				SDKROOT = iphoneos;
				SWIFT_ACTIVE_COMPILATION_CONDITIONS = DEBUG;
				SWIFT_OPTIMIZATION_LEVEL = "-Onone";
				TARGETED_DEVICE_FAMILY = "1,2";
			};
			name = Debug;
		};
		7636448E1F21B44D004D9D7B /* Release */ = {
			isa = XCBuildConfiguration;
			buildSettings = {
				ALWAYS_SEARCH_USER_PATHS = NO;
				CLANG_ANALYZER_NONNULL = YES;
				CLANG_ANALYZER_NUMBER_OBJECT_CONVERSION = YES_AGGRESSIVE;
				CLANG_CXX_LANGUAGE_STANDARD = "gnu++0x";
				CLANG_CXX_LIBRARY = "libc++";
				CLANG_ENABLE_MODULES = YES;
				CLANG_ENABLE_OBJC_ARC = YES;
				CLANG_WARN_BOOL_CONVERSION = YES;
				CLANG_WARN_CONSTANT_CONVERSION = YES;
				CLANG_WARN_DIRECT_OBJC_ISA_USAGE = YES_ERROR;
				CLANG_WARN_DOCUMENTATION_COMMENTS = YES;
				CLANG_WARN_EMPTY_BODY = YES;
				CLANG_WARN_ENUM_CONVERSION = YES;
				CLANG_WARN_INFINITE_RECURSION = YES;
				CLANG_WARN_INT_CONVERSION = YES;
				CLANG_WARN_OBJC_ROOT_CLASS = YES_ERROR;
				CLANG_WARN_SUSPICIOUS_MOVE = YES;
				CLANG_WARN_UNREACHABLE_CODE = YES;
				CLANG_WARN__DUPLICATE_METHOD_MATCH = YES;
				"CODE_SIGN_IDENTITY[sdk=iphoneos*]" = "iPhone Developer";
				COPY_PHASE_STRIP = NO;
				DEBUG_INFORMATION_FORMAT = "dwarf-with-dsym";
				ENABLE_NS_ASSERTIONS = NO;
				ENABLE_STRICT_OBJC_MSGSEND = YES;
				GCC_C_LANGUAGE_STANDARD = gnu99;
				GCC_NO_COMMON_BLOCKS = YES;
				GCC_WARN_64_TO_32_BIT_CONVERSION = YES;
				GCC_WARN_ABOUT_RETURN_TYPE = YES_ERROR;
				GCC_WARN_UNDECLARED_SELECTOR = YES;
				GCC_WARN_UNINITIALIZED_AUTOS = YES_AGGRESSIVE;
				GCC_WARN_UNUSED_FUNCTION = YES;
				GCC_WARN_UNUSED_VARIABLE = YES;
				IPHONEOS_DEPLOYMENT_TARGET = 10.3;
				MTL_ENABLE_DEBUG_INFO = NO;
				SDKROOT = iphoneos;
				SWIFT_OPTIMIZATION_LEVEL = "-Owholemodule";
				TARGETED_DEVICE_FAMILY = "1,2";
				VALIDATE_PRODUCT = YES;
			};
			name = Release;
		};
		763644901F21B44D004D9D7B /* Debug */ = {
			isa = XCBuildConfiguration;
			buildSettings = {
				ASSETCATALOG_COMPILER_APPICON_NAME = AppIcon;
				INFOPLIST_FILE = Chap12_Table/Info.plist;
				LD_RUNPATH_SEARCH_PATHS = "$(inherited) @executable_path/Frameworks";
				PRODUCT_BUNDLE_IDENTIFIER = "test.Chap12-Table";
				PRODUCT_NAME = "$(TARGET_NAME)";
				SWIFT_VERSION = 3.0;
			};
			name = Debug;
		};
		763644911F21B44D004D9D7B /* Release */ = {
			isa = XCBuildConfiguration;
			buildSettings = {
				ASSETCATALOG_COMPILER_APPICON_NAME = AppIcon;
				INFOPLIST_FILE = Chap12_Table/Info.plist;
				LD_RUNPATH_SEARCH_PATHS = "$(inherited) @executable_path/Frameworks";
				PRODUCT_BUNDLE_IDENTIFIER = "test.Chap12-Table";
				PRODUCT_NAME = "$(TARGET_NAME)";
				SWIFT_VERSION = 3.0;
			};
			name = Release;
		};
		763644931F21B44D004D9D7B /* Debug */ = {
			isa = XCBuildConfiguration;
			buildSettings = {
				ALWAYS_EMBED_SWIFT_STANDARD_LIBRARIES = YES;
				BUNDLE_LOADER = "$(TEST_HOST)";
				INFOPLIST_FILE = Chap12_TableTests/Info.plist;
				LD_RUNPATH_SEARCH_PATHS = "$(inherited) @executable_path/Frameworks @loader_path/Frameworks";
				PRODUCT_BUNDLE_IDENTIFIER = "test.Chap12-TableTests";
				PRODUCT_NAME = "$(TARGET_NAME)";
				SWIFT_VERSION = 3.0;
				TEST_HOST = "$(BUILT_PRODUCTS_DIR)/Chap12_Table.app/Chap12_Table";
			};
			name = Debug;
		};
		763644941F21B44D004D9D7B /* Release */ = {
			isa = XCBuildConfiguration;
			buildSettings = {
				ALWAYS_EMBED_SWIFT_STANDARD_LIBRARIES = YES;
				BUNDLE_LOADER = "$(TEST_HOST)";
				INFOPLIST_FILE = Chap12_TableTests/Info.plist;
				LD_RUNPATH_SEARCH_PATHS = "$(inherited) @executable_path/Frameworks @loader_path/Frameworks";
				PRODUCT_BUNDLE_IDENTIFIER = "test.Chap12-TableTests";
				PRODUCT_NAME = "$(TARGET_NAME)";
				SWIFT_VERSION = 3.0;
				TEST_HOST = "$(BUILT_PRODUCTS_DIR)/Chap12_Table.app/Chap12_Table";
			};
			name = Release;
		};
		763644961F21B44D004D9D7B /* Debug */ = {
			isa = XCBuildConfiguration;
			buildSettings = {
				ALWAYS_EMBED_SWIFT_STANDARD_LIBRARIES = YES;
				INFOPLIST_FILE = Chap12_TableUITests/Info.plist;
				LD_RUNPATH_SEARCH_PATHS = "$(inherited) @executable_path/Frameworks @loader_path/Frameworks";
				PRODUCT_BUNDLE_IDENTIFIER = "test.Chap12-TableUITests";
				PRODUCT_NAME = "$(TARGET_NAME)";
				SWIFT_VERSION = 3.0;
				TEST_TARGET_NAME = Chap12_Table;
			};
			name = Debug;
		};
		763644971F21B44D004D9D7B /* Release */ = {
			isa = XCBuildConfiguration;
			buildSettings = {
				ALWAYS_EMBED_SWIFT_STANDARD_LIBRARIES = YES;
				INFOPLIST_FILE = Chap12_TableUITests/Info.plist;
				LD_RUNPATH_SEARCH_PATHS = "$(inherited) @executable_path/Frameworks @loader_path/Frameworks";
				PRODUCT_BUNDLE_IDENTIFIER = "test.Chap12-TableUITests";
				PRODUCT_NAME = "$(TARGET_NAME)";
				SWIFT_VERSION = 3.0;
				TEST_TARGET_NAME = Chap12_Table;
			};
			name = Release;
		};
/* End XCBuildConfiguration section */

/* Begin XCConfigurationList section */
		763644621F21B44C004D9D7B /* Build configuration list for PBXProject "Chap12_Table" */ = {
			isa = XCConfigurationList;
			buildConfigurations = (
				7636448D1F21B44D004D9D7B /* Debug */,
				7636448E1F21B44D004D9D7B /* Release */,
			);
			defaultConfigurationIsVisible = 0;
			defaultConfigurationName = Release;
		};
		7636448F1F21B44D004D9D7B /* Build configuration list for PBXNativeTarget "Chap12_Table" */ = {
			isa = XCConfigurationList;
			buildConfigurations = (
				763644901F21B44D004D9D7B /* Debug */,
				763644911F21B44D004D9D7B /* Release */,
			);
			defaultConfigurationIsVisible = 0;
		};
		763644921F21B44D004D9D7B /* Build configuration list for PBXNativeTarget "Chap12_TableTests" */ = {
			isa = XCConfigurationList;
			buildConfigurations = (
				763644931F21B44D004D9D7B /* Debug */,
				763644941F21B44D004D9D7B /* Release */,
			);
			defaultConfigurationIsVisible = 0;
		};
		763644951F21B44D004D9D7B /* Build configuration list for PBXNativeTarget "Chap12_TableUITests" */ = {
			isa = XCConfigurationList;
			buildConfigurations = (
				763644961F21B44D004D9D7B /* Debug */,
				763644971F21B44D004D9D7B /* Release */,
			);
			defaultConfigurationIsVisible = 0;
		};
/* End XCConfigurationList section */
	};
	rootObject = 7636445F1F21B44C004D9D7B /* Project object */;
}
